Microsoft Visual Studio Solution File, Format Version 11.00
# Visual Studio 2008

Project("{05EC18FA-EBD3-D43A-36FA-5B25A2D06839}") = "Get Greedy 2.0-Unity Final Project", "Assembly-CSharp.csproj", "{73EF7EF7-172E-8057-88D5-AFBAB91D3780}"
EndProject
Global
	GlobalSection(SolutionConfigurationPlatforms) = preSolution
		Debug|Any CPU = Debug|Any CPU
		Release|Any CPU = Release|Any CPU
	EndGlobalSection
	GlobalSection(ProjectConfigurationPlatforms) = postSolution
		{73EF7EF7-172E-8057-88D5-AFBAB91D3780}.Debug|Any CPU.ActiveCfg = Debug|Any CPU
		{73EF7EF7-172E-8057-88D5-AFBAB91D3780}.Debug|Any CPU.Build.0 = Debug|Any CPU
		{73EF7EF7-172E-8057-88D5-AFBAB91D3780}.Release|Any CPU.ActiveCfg = Release|Any CPU
		{73EF7EF7-172E-8057-88D5-AFBAB91D3780}.Release|Any CPU.Build.0 = Release|Any CPU
	EndGlobalSection
	GlobalSection(SolutionProperties) = preSolution
		HideSolutionNode = FALSE
	EndGlobalSection
	GlobalSection(MonoDevelopProperties) = preSolution
		StartupItem = Assembly-CSharp.csproj
	EndGlobalSection
EndGlobal
